
Microsoft Visual Studio Solution File, Format Version 12.00
# Visual Studio Version 17
VisualStudioVersion = 17.5.002.0
MinimumVisualStudioVersion = 10.0.40219.1
Project("{9A19103F-16F7-4668-BE54-9A1E7A4F7556}") = "P2.API", "P2.API.csproj", "{6367A5D1-F84E-44C6-A141-A681EABB96DA}"
EndProject
Global
	GlobalSection(SolutionConfigurationPlatforms) = preSolution
		Debug|Any CPU = Debug|Any CPU
		Release|Any CPU = Release|Any CPU
	EndGlobalSection
	GlobalSection(ProjectConfigurationPlatforms) = postSolution
		{6367A5D1-F84E-44C6-A141-A681EABB96DA}.Debug|Any CPU.ActiveCfg = Debug|Any CPU
		{6367A5D1-F84E-44C6-A141-A681EABB96DA}.Debug|Any CPU.Build.0 = Debug|Any CPU
		{6367A5D1-F84E-44C6-A141-A681EABB96DA}.Release|Any CPU.ActiveCfg = Release|Any CPU
		{6367A5D1-F84E-44C6-A141-A681EABB96DA}.Release|Any CPU.Build.0 = Release|Any CPU
	EndGlobalSection
	GlobalSection(SolutionProperties) = preSolution
		HideSolutionNode = FALSE
	EndGlobalSection
	GlobalSection(ExtensibilityGlobals) = postSolution
		SolutionGuid = {F1511BFB-2A71-4EB3-99CB-2B2A206722E1}
	EndGlobalSection
EndGlobal
